
Microsoft Visual Studio Solution File, Format Version 12.00
# Visual Studio Version 17
VisualStudioVersion = 17.2.32505.173
MinimumVisualStudioVersion = 10.0.40219.1
Project("{FAE04EC0-301F-11D3-BF4B-00C04F79EFBC}") = "Test1", "Test1.csproj", "{007460CC-472D-4DBB-8C57-B0D97D32ED1D}"
EndProject
Project("{FAE04EC0-301F-11D3-BF4B-00C04F79EFBC}") = "test2", "..\test2\test2.csproj", "{5D825705-A939-4ED0-AAE0-3657BDB2609A}"
EndProject
Global
	GlobalSection(SolutionConfigurationPlatforms) = preSolution
		Debug|Any CPU = Debug|Any CPU
		Release|Any CPU = Release|Any CPU
	EndGlobalSection
	GlobalSection(ProjectConfigurationPlatforms) = postSolution
		{007460CC-472D-4DBB-8C57-B0D97D32ED1D}.Debug|Any CPU.ActiveCfg = Debug|Any CPU
		{007460CC-472D-4DBB-8C57-B0D97D32ED1D}.Debug|Any CPU.Build.0 = Debug|Any CPU
		{007460CC-472D-4DBB-8C57-B0D97D32ED1D}.Release|Any CPU.ActiveCfg = Release|Any CPU
		{007460CC-472D-4DBB-8C57-B0D97D32ED1D}.Release|Any CPU.Build.0 = Release|Any CPU
		{5D825705-A939-4ED0-AAE0-3657BDB2609A}.Debug|Any CPU.ActiveCfg = Debug|Any CPU
		{5D825705-A939-4ED0-AAE0-3657BDB2609A}.Debug|Any CPU.Build.0 = Debug|Any CPU
		{5D825705-A939-4ED0-AAE0-3657BDB2609A}.Release|Any CPU.ActiveCfg = Release|Any CPU
		{5D825705-A939-4ED0-AAE0-3657BDB2609A}.Release|Any CPU.Build.0 = Release|Any CPU
	EndGlobalSection
	GlobalSection(SolutionProperties) = preSolution
		HideSolutionNode = FALSE
	EndGlobalSection
	GlobalSection(ExtensibilityGlobals) = postSolution
		SolutionGuid = {BD3FCB8C-677A-44A8-A716-9F986118F17D}
	EndGlobalSection
EndGlobal
